# This file is automatically @generated by Cargo.
# It is not intended for manual editing.
version = 4

[[package]]
name = "byteorder"
version = "1.5.0"
source = "registry+https://github.com/rust-lang/crates.io-index"
checksum = "1fd0f2584146f6f2ef48085050886acf353beff7305ebd1ae69500e27c67f64b"

[[package]]
name = "digit_classifier"
version = "0.1.0"
dependencies = [
 "mnist",
]

[[package]]
name = "log"
version = "0.4.32"
source = "registry+https://github.com/rust-lang/crates.io-index"
checksum = "953f07c43838f8e6f9758cab68bf5bed85465e7587ebe0b823f1bcd81978ad3a"

[[package]]
name = "mnist"
version = "0.6.0"
source = "registry+https://github.com/rust-lang/crates.io-index"
checksum = "a06eb594c0749d3a505304db3b7a9c9891630d32daad059e81bfd0d51846f95c"
dependencies = [
 "byteorder",
 "log",
]
